
Microsoft Visual Studio Solution File, Format Version 12.00
# Visual Studio Version 16
VisualStudioVersion = 16.0.29728.190
MinimumVisualStudioVersion = 10.0.40219.1
Project("{FAE04EC0-301F-11D3-BF4B-00C04F79EFBC}") = "ClasesGenericas", "ClasesGenericas\ClasesGenericas.csproj", "{FAAD5D8D-1FB4-42A9-994B-BD6D8AAAB353}"
EndProject
Global
	GlobalSection(SolutionConfigurationPlatforms) = preSolution
		Debug|Any CPU = Debug|Any CPU
		Release|Any CPU = Release|Any CPU
	EndGlobalSection
	GlobalSection(ProjectConfigurationPlatforms) = postSolution
		{FAAD5D8D-1FB4-42A9-994B-BD6D8AAAB353}.Debug|Any CPU.ActiveCfg = Debug|Any CPU
		{FAAD5D8D-1FB4-42A9-994B-BD6D8AAAB353}.Debug|Any CPU.Build.0 = Debug|Any CPU
		{FAAD5D8D-1FB4-42A9-994B-BD6D8AAAB353}.Release|Any CPU.ActiveCfg = Release|Any CPU
		{FAAD5D8D-1FB4-42A9-994B-BD6D8AAAB353}.Release|Any CPU.Build.0 = Release|Any CPU
	EndGlobalSection
	GlobalSection(SolutionProperties) = preSolution
		HideSolutionNode = FALSE
	EndGlobalSection
	GlobalSection(ExtensibilityGlobals) = postSolution
		SolutionGuid = {753779D9-856D-4A17-96B4-1B1915B80D3D}
	EndGlobalSection
EndGlobal
